
Microsoft Visual Studio Solution File, Format Version 12.00
# Visual Studio Version 17
VisualStudioVersion = 17.14.37502.11 d17.14
MinimumVisualStudioVersion = 10.0.40219.1
Project("{FAE04EC0-301F-11D3-BF4B-00C04F79EFBC}") = "Test01", "Test01\Test01.csproj", "{C42FE398-D7C4-42FD-A15F-87C850F25A58}"
EndProject
Global
	GlobalSection(SolutionConfigurationPlatforms) = preSolution
		Debug|Any CPU = Debug|Any CPU
		Release|Any CPU = Release|Any CPU
	EndGlobalSection
	GlobalSection(ProjectConfigurationPlatforms) = postSolution
		{C42FE398-D7C4-42FD-A15F-87C850F25A58}.Debug|Any CPU.ActiveCfg = Debug|Any CPU
		{C42FE398-D7C4-42FD-A15F-87C850F25A58}.Debug|Any CPU.Build.0 = Debug|Any CPU
		{C42FE398-D7C4-42FD-A15F-87C850F25A58}.Release|Any CPU.ActiveCfg = Release|Any CPU
		{C42FE398-D7C4-42FD-A15F-87C850F25A58}.Release|Any CPU.Build.0 = Release|Any CPU
	EndGlobalSection
	GlobalSection(SolutionProperties) = preSolution
		HideSolutionNode = FALSE
	EndGlobalSection
	GlobalSection(ExtensibilityGlobals) = postSolution
		SolutionGuid = {CFE377FC-F76B-40B5-A4CA-7CCAA89A6AF6}
	EndGlobalSection
EndGlobal
